
Microsoft Visual Studio Solution File, Format Version 12.00
# Visual Studio 15
VisualStudioVersion = 15.0.27703.2035
MinimumVisualStudioVersion = 10.0.40219.1
Project("{FAE04EC0-301F-11D3-BF4B-00C04F79EFBC}") = "Android-Bootstrap", "Android-Bootstrap\Android-Bootstrap.csproj", "{DEA50B4A-4751-4587-B002-C794DFDF5E53}"
EndProject
Project("{FAE04EC0-301F-11D3-BF4B-00C04F79EFBC}") = "Demo", "Demo\Demo.csproj", "{33A8B1C5-AF83-4731-8716-A424B56A151F}"
EndProject
Global
	GlobalSection(SolutionConfigurationPlatforms) = preSolution
		Debug|Any CPU = Debug|Any CPU
		Release|Any CPU = Release|Any CPU
	EndGlobalSection
	GlobalSection(ProjectConfigurationPlatforms) = postSolution
		{DEA50B4A-4751-4587-B002-C794DFDF5E53}.Debug|Any CPU.ActiveCfg = Debug|Any CPU
		{DEA50B4A-4751-4587-B002-C794DFDF5E53}.Debug|Any CPU.Build.0 = Debug|Any CPU
		{DEA50B4A-4751-4587-B002-C794DFDF5E53}.Release|Any CPU.ActiveCfg = Release|Any CPU
		{DEA50B4A-4751-4587-B002-C794DFDF5E53}.Release|Any CPU.Build.0 = Release|Any CPU
		{33A8B1C5-AF83-4731-8716-A424B56A151F}.Debug|Any CPU.ActiveCfg = Debug|Any CPU
		{33A8B1C5-AF83-4731-8716-A424B56A151F}.Debug|Any CPU.Build.0 = Debug|Any CPU
		{33A8B1C5-AF83-4731-8716-A424B56A151F}.Debug|Any CPU.Deploy.0 = Debug|Any CPU
		{33A8B1C5-AF83-4731-8716-A424B56A151F}.Release|Any CPU.ActiveCfg = Release|Any CPU
		{33A8B1C5-AF83-4731-8716-A424B56A151F}.Release|Any CPU.Build.0 = Release|Any CPU
		{33A8B1C5-AF83-4731-8716-A424B56A151F}.Release|Any CPU.Deploy.0 = Release|Any CPU
	EndGlobalSection
	GlobalSection(SolutionProperties) = preSolution
		HideSolutionNode = FALSE
	EndGlobalSection
	GlobalSection(ExtensibilityGlobals) = postSolution
		SolutionGuid = {E6CB3A0F-340E-4D89-AE90-E30CB923392D}
	EndGlobalSection
EndGlobal
